# This file is generated by running "yarn install" inside your project.
# Manual changes might be lost - proceed with caution!

__metadata:
  version: 6
  cacheKey: 8

"@dr-berry/app-a@workspace:apps/app-a":
  version: 0.0.0-use.local
  resolution: "@dr-berry/app-a@workspace:apps/app-a"
  dependencies:
    "@dr-berry/pkg-a": "workspace:*"
    dayjs: ^1.11.10
  languageName: unknown
  linkType: soft

"@dr-berry/pkg-a@workspace:*, @dr-berry/pkg-a@workspace:packages/pkg-a":
  version: 0.0.0-use.local
  resolution: "@dr-berry/pkg-a@workspace:packages/pkg-a"
  dependencies:
    nanoid: ^5.0.7
  languageName: unknown
  linkType: soft

"dayjs@npm:^1.11.10":
  version: 1.11.19
  resolution: "dayjs@npm:1.11.19"
  checksum: dfafcca2c67cc6e542fd880d77f1d91667efd323edc28f0487b470b184a11cc97696163ed5be1142ea2a031045b27a0d0555e72f60a63275e0e0401ac24bea5d
  languageName: node
  linkType: hard

"dr-yarn-berry-workspace@workspace:.":
  version: 0.0.0-use.local
  resolution: "dr-yarn-berry-workspace@workspace:."
  languageName: unknown
  linkType: soft

"nanoid@npm:^5.0.7":
  version: 5.1.6
  resolution: "nanoid@npm:5.1.6"
  bin:
    nanoid: bin/nanoid.js
  checksum: 4109dbcf596d7f297a9b42f459b8f01694a03ebbdd2f41408d963ad54e5ec7234cbe7b4acad137751f31add11bb4fb3415a3e688082516745812811f05570014
  languageName: node
  linkType: hard
