# THIS IS AN AUTOGENERATED FILE. DO NOT EDIT THIS FILE DIRECTLY.
# yarn lockfile v1


dayjs@^1.11.10:
  version "1.11.19"
  resolved "https://registry.yarnpkg.com/dayjs/-/dayjs-1.11.19.tgz#15dc98e854bb43917f12021806af897c58ae2938"
  integrity sha512-t5EcLVS6QPBNqM2z8fakk/NKel+Xzshgt8FFKAn+qwlD1pzZWxh0nVCrvFK7ZDb6XucZeF9z8C7CBWTRIVApAw==

nanoid@^5.0.7:
  version "5.1.6"
  resolved "https://registry.yarnpkg.com/nanoid/-/nanoid-5.1.6.tgz#30363f664797e7d40429f6c16946d6bd7a3f26c9"
  integrity sha512-c7+7RQ+dMB5dPwwCp4ee1/iV/q2P6aK1mTZcfr1BTuVlyW9hJYiMPybJCcnBlQtuSmTIWNeazm/zqNoZSSElBg==
