# THIS IS AN AUTOGENERATED FILE. DO NOT EDIT THIS FILE DIRECTLY.
# yarn lockfile v1


dayjs@^1.11.10:
  version "1.11.19"
  resolved "https://registry.yarnpkg.com/dayjs/-/dayjs-1.11.19.tgz#15dc98e854bb43917f12021806af897c58ae2938"
  integrity sha512-t5EcLVS6QPBNqM2z8fakk/NKel+Xzshgt8FFKAn+qwlD1pzZWxh0nVCrvFK7ZDb6XucZeF9z8C7CBWTRIVApAw==

nanoid@^5.1.16:
  version "5.1.16"
  resolved "https://registry.yarnpkg.com/nanoid/-/nanoid-5.1.16.tgz#fe345c0a1f9007c32fbb5c139e1208bfd3f41ef7"
  integrity sha512-kVrnsrJqMR8+oLJnGEmSWw9BivK5mt7H3FZatVRjrc5wGqFYuBxX1yG7+A7Gi5AefkX6t/oCkizcQgpu0cY1dQ==
